
Microsoft Visual Studio Solution File, Format Version 12.00
# Visual Studio Version 17
VisualStudioVersion = 17.14.36109.1 d17.14
MinimumVisualStudioVersion = 10.0.40219.1
Project("{FAE04EC0-301F-11D3-BF4B-00C04F79EFBC}") = "VoTrongHung2280601119", "VoTrongHung2280601119.csproj", "{D22D0957-9914-4987-845D-57D9DE492BC2}"
EndProject
Global
	GlobalSection(SolutionConfigurationPlatforms) = preSolution
		Debug|Any CPU = Debug|Any CPU
		Release|Any CPU = Release|Any CPU
	EndGlobalSection
	GlobalSection(ProjectConfigurationPlatforms) = postSolution
		{D22D0957-9914-4987-845D-57D9DE492BC2}.Debug|Any CPU.ActiveCfg = Debug|Any CPU
		{D22D0957-9914-4987-845D-57D9DE492BC2}.Debug|Any CPU.Build.0 = Debug|Any CPU
		{D22D0957-9914-4987-845D-57D9DE492BC2}.Release|Any CPU.ActiveCfg = Release|Any CPU
		{D22D0957-9914-4987-845D-57D9DE492BC2}.Release|Any CPU.Build.0 = Release|Any CPU
	EndGlobalSection
	GlobalSection(SolutionProperties) = preSolution
		HideSolutionNode = FALSE
	EndGlobalSection
	GlobalSection(ExtensibilityGlobals) = postSolution
		SolutionGuid = {546C80FE-C372-4687-869F-FB4A34F34E0B}
	EndGlobalSection
EndGlobal
