
Microsoft Visual Studio Solution File, Format Version 12.00
# Visual Studio Version 17
VisualStudioVersion = 17.14.36109.1 d17.14
MinimumVisualStudioVersion = 10.0.40219.1
Project("{FAE04EC0-301F-11D3-BF4B-00C04F79EFBC}") = "T3_VoTrongHung_2280601119", "T3_VoTrongHung_2280601119.csproj", "{1AC90407-7DBE-46C1-835D-DFB0CCB9775E}"
EndProject
Global
	GlobalSection(SolutionConfigurationPlatforms) = preSolution
		Debug|Any CPU = Debug|Any CPU
		Release|Any CPU = Release|Any CPU
	EndGlobalSection
	GlobalSection(ProjectConfigurationPlatforms) = postSolution
		{1AC90407-7DBE-46C1-835D-DFB0CCB9775E}.Debug|Any CPU.ActiveCfg = Debug|Any CPU
		{1AC90407-7DBE-46C1-835D-DFB0CCB9775E}.Debug|Any CPU.Build.0 = Debug|Any CPU
		{1AC90407-7DBE-46C1-835D-DFB0CCB9775E}.Release|Any CPU.ActiveCfg = Release|Any CPU
		{1AC90407-7DBE-46C1-835D-DFB0CCB9775E}.Release|Any CPU.Build.0 = Release|Any CPU
	EndGlobalSection
	GlobalSection(SolutionProperties) = preSolution
		HideSolutionNode = FALSE
	EndGlobalSection
	GlobalSection(ExtensibilityGlobals) = postSolution
		SolutionGuid = {D195E358-FF62-4D31-A0A5-68485FB34CE8}
	EndGlobalSection
EndGlobal
