
Microsoft Visual Studio Solution File, Format Version 12.00
# Visual Studio Version 17
VisualStudioVersion = 17.14.36109.1 d17.14
MinimumVisualStudioVersion = 10.0.40219.1
Project("{FAE04EC0-301F-11D3-BF4B-00C04F79EFBC}") = "T2_VoTrongHung_2280601119", "T2_VoTrongHung_2280601119.csproj", "{4E13B64A-303F-41C6-8814-52FB180CCB34}"
EndProject
Global
	GlobalSection(SolutionConfigurationPlatforms) = preSolution
		Debug|Any CPU = Debug|Any CPU
		Release|Any CPU = Release|Any CPU
	EndGlobalSection
	GlobalSection(ProjectConfigurationPlatforms) = postSolution
		{4E13B64A-303F-41C6-8814-52FB180CCB34}.Debug|Any CPU.ActiveCfg = Debug|Any CPU
		{4E13B64A-303F-41C6-8814-52FB180CCB34}.Debug|Any CPU.Build.0 = Debug|Any CPU
		{4E13B64A-303F-41C6-8814-52FB180CCB34}.Release|Any CPU.ActiveCfg = Release|Any CPU
		{4E13B64A-303F-41C6-8814-52FB180CCB34}.Release|Any CPU.Build.0 = Release|Any CPU
	EndGlobalSection
	GlobalSection(SolutionProperties) = preSolution
		HideSolutionNode = FALSE
	EndGlobalSection
	GlobalSection(ExtensibilityGlobals) = postSolution
		SolutionGuid = {8957533C-3B0F-4B43-8F5D-CA4D6C0975A8}
	EndGlobalSection
EndGlobal
